
Microsoft Visual Studio Solution File, Format Version 12.00
# Visual Studio Version 17
VisualStudioVersion = 17.12.35514.174 d17.12
MinimumVisualStudioVersion = 10.0.40219.1
Project("{FAE04EC0-301F-11D3-BF4B-00C04F79EFBC}") = "aruhaz_rendszer", "aruhaz_rendszer\aruhaz_rendszer.csproj", "{480F3F05-3E06-42B4-91EE-619D5A4762DD}"
EndProject
Global
	GlobalSection(SolutionConfigurationPlatforms) = preSolution
		Debug|Any CPU = Debug|Any CPU
		Release|Any CPU = Release|Any CPU
	EndGlobalSection
	GlobalSection(ProjectConfigurationPlatforms) = postSolution
		{480F3F05-3E06-42B4-91EE-619D5A4762DD}.Debug|Any CPU.ActiveCfg = Debug|Any CPU
		{480F3F05-3E06-42B4-91EE-619D5A4762DD}.Debug|Any CPU.Build.0 = Debug|Any CPU
		{480F3F05-3E06-42B4-91EE-619D5A4762DD}.Release|Any CPU.ActiveCfg = Release|Any CPU
		{480F3F05-3E06-42B4-91EE-619D5A4762DD}.Release|Any CPU.Build.0 = Release|Any CPU
	EndGlobalSection
	GlobalSection(SolutionProperties) = preSolution
		HideSolutionNode = FALSE
	EndGlobalSection
EndGlobal
